
Microsoft Visual Studio Solution File, Format Version 12.00
# Visual Studio 15
VisualStudioVersion = 15.0.27130.2010
MinimumVisualStudioVersion = 10.0.40219.1
Project("{FAE04EC0-301F-11D3-BF4B-00C04F79EFBC}") = "FileEncryptionTool", "FileEncryptionTool\FileEncryptionTool.csproj", "{7B933A2F-9FB2-4321-9672-04D73F2DE885}"
EndProject
Project("{FAE04EC0-301F-11D3-BF4B-00C04F79EFBC}") = "Tests", "Tests\Tests.csproj", "{991C495D-BD94-4B7F-8B7B-B45F94F5CF58}"
EndProject
Global
	GlobalSection(SolutionConfigurationPlatforms) = preSolution
		Debug|Any CPU = Debug|Any CPU
		Release|Any CPU = Release|Any CPU
	EndGlobalSection
	GlobalSection(ProjectConfigurationPlatforms) = postSolution
		{7B933A2F-9FB2-4321-9672-04D73F2DE885}.Debug|Any CPU.ActiveCfg = Debug|Any CPU
		{7B933A2F-9FB2-4321-9672-04D73F2DE885}.Debug|Any CPU.Build.0 = Debug|Any CPU
		{7B933A2F-9FB2-4321-9672-04D73F2DE885}.Release|Any CPU.ActiveCfg = Release|Any CPU
		{7B933A2F-9FB2-4321-9672-04D73F2DE885}.Release|Any CPU.Build.0 = Release|Any CPU
		{991C495D-BD94-4B7F-8B7B-B45F94F5CF58}.Debug|Any CPU.ActiveCfg = Debug|Any CPU
		{991C495D-BD94-4B7F-8B7B-B45F94F5CF58}.Debug|Any CPU.Build.0 = Debug|Any CPU
		{991C495D-BD94-4B7F-8B7B-B45F94F5CF58}.Release|Any CPU.ActiveCfg = Release|Any CPU
		{991C495D-BD94-4B7F-8B7B-B45F94F5CF58}.Release|Any CPU.Build.0 = Release|Any CPU
	EndGlobalSection
	GlobalSection(SolutionProperties) = preSolution
		HideSolutionNode = FALSE
	EndGlobalSection
	GlobalSection(ExtensibilityGlobals) = postSolution
		SolutionGuid = {29A941F5-CCF5-43B7-ADC1-148715F41A0A}
	EndGlobalSection
EndGlobal
